
Microsoft Visual Studio Solution File, Format Version 12.00
# Visual Studio Version 17
VisualStudioVersion = 17.8.34330.188
MinimumVisualStudioVersion = 10.0.40219.1
Project("{FAE04EC0-301F-11D3-BF4B-00C04F79EFBC}") = "PayXpert", "PayXpert.csproj", "{E8565F4B-528A-4155-91BF-902BB0B2C49D}"
EndProject
Global
	GlobalSection(SolutionConfigurationPlatforms) = preSolution
		Debug|Any CPU = Debug|Any CPU
		Release|Any CPU = Release|Any CPU
	EndGlobalSection
	GlobalSection(ProjectConfigurationPlatforms) = postSolution
		{E8565F4B-528A-4155-91BF-902BB0B2C49D}.Debug|Any CPU.ActiveCfg = Debug|Any CPU
		{E8565F4B-528A-4155-91BF-902BB0B2C49D}.Debug|Any CPU.Build.0 = Debug|Any CPU
		{E8565F4B-528A-4155-91BF-902BB0B2C49D}.Release|Any CPU.ActiveCfg = Release|Any CPU
		{E8565F4B-528A-4155-91BF-902BB0B2C49D}.Release|Any CPU.Build.0 = Release|Any CPU
	EndGlobalSection
	GlobalSection(SolutionProperties) = preSolution
		HideSolutionNode = FALSE
	EndGlobalSection
	GlobalSection(ExtensibilityGlobals) = postSolution
		SolutionGuid = {0302A294-CE9D-4C5C-AA8A-5F1C626D2E3D}
	EndGlobalSection
EndGlobal
